
Microsoft Visual Studio Solution File, Format Version 12.00
# Visual Studio 15
Project("{FAE04EC0-301F-11D3-BF4B-00C04F79EFBC}") = "Assembly-CSharp-Editor", "Assembly-CSharp-Editor.csproj", "{A43C675D-5F13-EF0E-63AE-ECF6A36FB6C9}"
EndProject
Project("{FAE04EC0-301F-11D3-BF4B-00C04F79EFBC}") = "Assembly-CSharp", "Assembly-CSharp.csproj", "{2C544835-4015-5D34-8576-09F7590ACD21}"
EndProject
Global
	GlobalSection(SolutionConfigurationPlatforms) = preSolution
		Debug|Any CPU = Debug|Any CPU
		Release|Any CPU = Release|Any CPU
	EndGlobalSection
	GlobalSection(ProjectConfigurationPlatforms) = postSolution
		{A43C675D-5F13-EF0E-63AE-ECF6A36FB6C9}.Debug|Any CPU.ActiveCfg = Debug|Any CPU
		{A43C675D-5F13-EF0E-63AE-ECF6A36FB6C9}.Debug|Any CPU.Build.0 = Debug|Any CPU
		{A43C675D-5F13-EF0E-63AE-ECF6A36FB6C9}.Release|Any CPU.ActiveCfg = Release|Any CPU
		{A43C675D-5F13-EF0E-63AE-ECF6A36FB6C9}.Release|Any CPU.Build.0 = Release|Any CPU
		{2C544835-4015-5D34-8576-09F7590ACD21}.Debug|Any CPU.ActiveCfg = Debug|Any CPU
		{2C544835-4015-5D34-8576-09F7590ACD21}.Debug|Any CPU.Build.0 = Debug|Any CPU
		{2C544835-4015-5D34-8576-09F7590ACD21}.Release|Any CPU.ActiveCfg = Release|Any CPU
		{2C544835-4015-5D34-8576-09F7590ACD21}.Release|Any CPU.Build.0 = Release|Any CPU
	EndGlobalSection
	GlobalSection(SolutionProperties) = preSolution
		HideSolutionNode = FALSE
	EndGlobalSection
EndGlobal
